// !$*UTF8*$!
{
	archiveVersion = 1;
	classes = {
	};
	objectVersion = 52;
	objects = {

/* Begin PBXBuildFile section */
		768A436C24A7153B009CCCE8 /* AppDelegate.swift in Sources */ = {isa = PBXBuildFile; fileRef = 768A436B24A7153B009CCCE8 /* AppDelegate.swift */; };
		768A436E24A7153B009CCCE8 /* SceneDelegate.swift in Sources */ = {isa = PBXBuildFile; fileRef = 768A436D24A7153B009CCCE8 /* SceneDelegate.swift */; };
		768A437024A7153B009CCCE8 /* ContentView.swift in Sources */ = {isa = PBXBuildFile; fileRef = 768A436F24A7153B009CCCE8 /* ContentView.swift */; };
		768A437224A7153C009CCCE8 /* Assets.xcassets in Resources */ = {isa = PBXBuildFile; fileRef = 768A437124A7153C009CCCE8 /* Assets.xcassets */; };
		768A437524A7153C009CCCE8 /* Preview Assets.xcassets in Resources */ = {isa = PBXBuildFile; fileRef = 768A437424A7153C009CCCE8 /* Preview Assets.xcassets */; };
		768A437824A7153C009CCCE8 /* LaunchScreen.storyboard in Resources */ = {isa = PBXBuildFile; fileRef = 768A437624A7153C009CCCE8 /* LaunchScreen.storyboard */; };
		768A438024A719F8009CCCE8 /* Dependencies.swift in Sources */ = {isa = PBXBuildFile; fileRef = 768A437F24A719F8009CCCE8 /* Dependencies.swift */; };
		768A438724A71A9C009CCCE8 /* BaseAPIServices.swift in Sources */ = {isa = PBXBuildFile; fileRef = 768A438424A71A9C009CCCE8 /* BaseAPIServices.swift */; };
		768A438824A71A9C009CCCE8 /* AccountsAPIServices.swift in Sources */ = {isa = PBXBuildFile; fileRef = 768A438524A71A9C009CCCE8 /* AccountsAPIServices.swift */; };
		768A438924A71A9C009CCCE8 /* ProductsAPIServices.swift in Sources */ = {isa = PBXBuildFile; fileRef = 768A438624A71A9C009CCCE8 /* ProductsAPIServices.swift */; };
		768A438C24A71AF3009CCCE8 /* Alamofire in Frameworks */ = {isa = PBXBuildFile; productRef = 768A438B24A71AF3009CCCE8 /* Alamofire */; };
		768A438F24A71B3C009CCCE8 /* PromiseKit in Frameworks */ = {isa = PBXBuildFile; productRef = 768A438E24A71B3C009CCCE8 /* PromiseKit */; };
		768A439424A71BCF009CCCE8 /* LoginResult.swift in Sources */ = {isa = PBXBuildFile; fileRef = 768A439124A71BCF009CCCE8 /* LoginResult.swift */; };
		768A439524A71BCF009CCCE8 /* ProductRes.swift in Sources */ = {isa = PBXBuildFile; fileRef = 768A439224A71BCF009CCCE8 /* ProductRes.swift */; };
		768A439624A71BCF009CCCE8 /* Products.swift in Sources */ = {isa = PBXBuildFile; fileRef = 768A439324A71BCF009CCCE8 /* Products.swift */; };
		768A439E24A71FC1009CCCE8 /* swift_native_dependency_injectionTests.swift in Sources */ = {isa = PBXBuildFile; fileRef = 768A439D24A71FC1009CCCE8 /* swift_native_dependency_injectionTests.swift */; };
		768A43A724A72069009CCCE8 /* AccountsAPIServices+Fake.swift in Sources */ = {isa = PBXBuildFile; fileRef = 768A43A524A72059009CCCE8 /* AccountsAPIServices+Fake.swift */; };
		76C9945E24A729B7002EF4A0 /* Quick in Frameworks */ = {isa = PBXBuildFile; productRef = 76C9945D24A729B7002EF4A0 /* Quick */; };
		76C9946124A729CD002EF4A0 /* Nimble in Frameworks */ = {isa = PBXBuildFile; productRef = 76C9946024A729CD002EF4A0 /* Nimble */; };
/* End PBXBuildFile section */

/* Begin PBXContainerItemProxy section */
		768A43A024A71FC1009CCCE8 /* PBXContainerItemProxy */ = {
			isa = PBXContainerItemProxy;
			containerPortal = 768A436024A7153B009CCCE8 /* Project object */;
			proxyType = 1;
			remoteGlobalIDString = 768A436724A7153B009CCCE8;
			remoteInfo = "swift-native-dependency-injection";
		};
/* End PBXContainerItemProxy section */

/* Begin PBXFileReference section */
		768A436824A7153B009CCCE8 /* swift-native-dependency-injection.app */ = {isa = PBXFileReference; explicitFileType = wrapper.application; includeInIndex = 0; path = "swift-native-dependency-injection.app"; sourceTree = BUILT_PRODUCTS_DIR; };
		768A436B24A7153B009CCCE8 /* AppDelegate.swift */ = {isa = PBXFileReference; lastKnownFileType = sourcecode.swift; path = AppDelegate.swift; sourceTree = "<group>"; };
		768A436D24A7153B009CCCE8 /* SceneDelegate.swift */ = {isa = PBXFileReference; lastKnownFileType = sourcecode.swift; path = SceneDelegate.swift; sourceTree = "<group>"; };
		768A436F24A7153B009CCCE8 /* ContentView.swift */ = {isa = PBXFileReference; lastKnownFileType = sourcecode.swift; path = ContentView.swift; sourceTree = "<group>"; };
		768A437124A7153C009CCCE8 /* Assets.xcassets */ = {isa = PBXFileReference; lastKnownFileType = folder.assetcatalog; path = Assets.xcassets; sourceTree = "<group>"; };
		768A437424A7153C009CCCE8 /* Preview Assets.xcassets */ = {isa = PBXFileReference; lastKnownFileType = folder.assetcatalog; path = "Preview Assets.xcassets"; sourceTree = "<group>"; };
		768A437724A7153C009CCCE8 /* Base */ = {isa = PBXFileReference; lastKnownFileType = file.storyboard; name = Base; path = Base.lproj/LaunchScreen.storyboard; sourceTree = "<group>"; };
		768A437924A7153C009CCCE8 /* Info.plist */ = {isa = PBXFileReference; lastKnownFileType = text.plist.xml; path = Info.plist; sourceTree = "<group>"; };
		768A437F24A719F8009CCCE8 /* Dependencies.swift */ = {isa = PBXFileReference; fileEncoding = 4; lastKnownFileType = sourcecode.swift; path = Dependencies.swift; sourceTree = "<group>"; };
		768A438424A71A9C009CCCE8 /* BaseAPIServices.swift */ = {isa = PBXFileReference; fileEncoding = 4; lastKnownFileType = sourcecode.swift; path = BaseAPIServices.swift; sourceTree = "<group>"; };
		768A438524A71A9C009CCCE8 /* AccountsAPIServices.swift */ = {isa = PBXFileReference; fileEncoding = 4; lastKnownFileType = sourcecode.swift; path = AccountsAPIServices.swift; sourceTree = "<group>"; };
		768A438624A71A9C009CCCE8 /* ProductsAPIServices.swift */ = {isa = PBXFileReference; fileEncoding = 4; lastKnownFileType = sourcecode.swift; path = ProductsAPIServices.swift; sourceTree = "<group>"; };
		768A439124A71BCF009CCCE8 /* LoginResult.swift */ = {isa = PBXFileReference; fileEncoding = 4; lastKnownFileType = sourcecode.swift; path = LoginResult.swift; sourceTree = "<group>"; };
		768A439224A71BCF009CCCE8 /* ProductRes.swift */ = {isa = PBXFileReference; fileEncoding = 4; lastKnownFileType = sourcecode.swift; path = ProductRes.swift; sourceTree = "<group>"; };
		768A439324A71BCF009CCCE8 /* Products.swift */ = {isa = PBXFileReference; fileEncoding = 4; lastKnownFileType = sourcecode.swift; path = Products.swift; sourceTree = "<group>"; };
		768A439B24A71FC1009CCCE8 /* swift-native-dependency-injectionTests.xctest */ = {isa = PBXFileReference; explicitFileType = wrapper.cfbundle; includeInIndex = 0; path = "swift-native-dependency-injectionTests.xctest"; sourceTree = BUILT_PRODUCTS_DIR; };
		768A439D24A71FC1009CCCE8 /* swift_native_dependency_injectionTests.swift */ = {isa = PBXFileReference; lastKnownFileType = sourcecode.swift; path = swift_native_dependency_injectionTests.swift; sourceTree = "<group>"; };
		768A439F24A71FC1009CCCE8 /* Info.plist */ = {isa = PBXFileReference; lastKnownFileType = text.plist.xml; path = Info.plist; sourceTree = "<group>"; };
		768A43A524A72059009CCCE8 /* AccountsAPIServices+Fake.swift */ = {isa = PBXFileReference; lastKnownFileType = sourcecode.swift; path = "AccountsAPIServices+Fake.swift"; sourceTree = "<group>"; };
/* End PBXFileReference section */

/* Begin PBXFrameworksBuildPhase section */
		768A436524A7153B009CCCE8 /* Frameworks */ = {
			isa = PBXFrameworksBuildPhase;
			buildActionMask = 2147483647;
			files = (
				768A438C24A71AF3009CCCE8 /* Alamofire in Frameworks */,
				768A438F24A71B3C009CCCE8 /* PromiseKit in Frameworks */,
			);
			runOnlyForDeploymentPostprocessing = 0;
		};
		768A439824A71FC1009CCCE8 /* Frameworks */ = {
			isa = PBXFrameworksBuildPhase;
			buildActionMask = 2147483647;
			files = (
				76C9945E24A729B7002EF4A0 /* Quick in Frameworks */,
				76C9946124A729CD002EF4A0 /* Nimble in Frameworks */,
			);
			runOnlyForDeploymentPostprocessing = 0;
		};
/* End PBXFrameworksBuildPhase section */

/* Begin PBXGroup section */
		768A435F24A7153B009CCCE8 = {
			isa = PBXGroup;
			children = (
				768A436A24A7153B009CCCE8 /* swift-native-dependency-injection */,
				768A439C24A71FC1009CCCE8 /* swift-native-dependency-injectionTests */,
				768A436924A7153B009CCCE8 /* Products */,
			);
			sourceTree = "<group>";
		};
		768A436924A7153B009CCCE8 /* Products */ = {
			isa = PBXGroup;
			children = (
				768A436824A7153B009CCCE8 /* swift-native-dependency-injection.app */,
				768A439B24A71FC1009CCCE8 /* swift-native-dependency-injectionTests.xctest */,
			);
			name = Products;
			sourceTree = "<group>";
		};
		768A436A24A7153B009CCCE8 /* swift-native-dependency-injection */ = {
			isa = PBXGroup;
			children = (
				768A438324A71A9C009CCCE8 /* APIServices */,
				768A439024A71BCF009CCCE8 /* Model */,
				768A436B24A7153B009CCCE8 /* AppDelegate.swift */,
				768A436D24A7153B009CCCE8 /* SceneDelegate.swift */,
				768A436F24A7153B009CCCE8 /* ContentView.swift */,
				768A437F24A719F8009CCCE8 /* Dependencies.swift */,
				768A437124A7153C009CCCE8 /* Assets.xcassets */,
				768A437624A7153C009CCCE8 /* LaunchScreen.storyboard */,
				768A437924A7153C009CCCE8 /* Info.plist */,
				768A437324A7153C009CCCE8 /* Preview Content */,
			);
			path = "swift-native-dependency-injection";
			sourceTree = "<group>";
		};
		768A437324A7153C009CCCE8 /* Preview Content */ = {
			isa = PBXGroup;
			children = (
				768A437424A7153C009CCCE8 /* Preview Assets.xcassets */,
			);
			path = "Preview Content";
			sourceTree = "<group>";
		};
		768A438324A71A9C009CCCE8 /* APIServices */ = {
			isa = PBXGroup;
			children = (
				76C9946224A72B53002EF4A0 /* Fake */,
				768A438424A71A9C009CCCE8 /* BaseAPIServices.swift */,
				768A438524A71A9C009CCCE8 /* AccountsAPIServices.swift */,
				768A438624A71A9C009CCCE8 /* ProductsAPIServices.swift */,
			);
			path = APIServices;
			sourceTree = "<group>";
		};
		768A439024A71BCF009CCCE8 /* Model */ = {
			isa = PBXGroup;
			children = (
				768A439124A71BCF009CCCE8 /* LoginResult.swift */,
				768A439224A71BCF009CCCE8 /* ProductRes.swift */,
				768A439324A71BCF009CCCE8 /* Products.swift */,
			);
			path = Model;
			sourceTree = "<group>";
		};
		768A439C24A71FC1009CCCE8 /* swift-native-dependency-injectionTests */ = {
			isa = PBXGroup;
			children = (
				768A439D24A71FC1009CCCE8 /* swift_native_dependency_injectionTests.swift */,
				768A439F24A71FC1009CCCE8 /* Info.plist */,
			);
			path = "swift-native-dependency-injectionTests";
			sourceTree = "<group>";
		};
		76C9946224A72B53002EF4A0 /* Fake */ = {
			isa = PBXGroup;
			children = (
				768A43A524A72059009CCCE8 /* AccountsAPIServices+Fake.swift */,
			);
			path = Fake;
			sourceTree = "<group>";
		};
/* End PBXGroup section */

/* Begin PBXNativeTarget section */
		768A436724A7153B009CCCE8 /* swift-native-dependency-injection */ = {
			isa = PBXNativeTarget;
			buildConfigurationList = 768A437C24A7153C009CCCE8 /* Build configuration list for PBXNativeTarget "swift-native-dependency-injection" */;
			buildPhases = (
				768A436424A7153B009CCCE8 /* Sources */,
				768A436524A7153B009CCCE8 /* Frameworks */,
				768A436624A7153B009CCCE8 /* Resources */,
			);
			buildRules = (
			);
			dependencies = (
			);
			name = "swift-native-dependency-injection";
			packageProductDependencies = (
				768A438B24A71AF3009CCCE8 /* Alamofire */,
				768A438E24A71B3C009CCCE8 /* PromiseKit */,
			);
			productName = "swift-native-dependency-injection";
			productReference = 768A436824A7153B009CCCE8 /* swift-native-dependency-injection.app */;
			productType = "com.apple.product-type.application";
		};
		768A439A24A71FC1009CCCE8 /* swift-native-dependency-injectionTests */ = {
			isa = PBXNativeTarget;
			buildConfigurationList = 768A43A224A71FC1009CCCE8 /* Build configuration list for PBXNativeTarget "swift-native-dependency-injectionTests" */;
			buildPhases = (
				768A439724A71FC1009CCCE8 /* Sources */,
				768A439824A71FC1009CCCE8 /* Frameworks */,
				768A439924A71FC1009CCCE8 /* Resources */,
			);
			buildRules = (
			);
			dependencies = (
				768A43A124A71FC1009CCCE8 /* PBXTargetDependency */,
			);
			name = "swift-native-dependency-injectionTests";
			packageProductDependencies = (
				76C9945D24A729B7002EF4A0 /* Quick */,
				76C9946024A729CD002EF4A0 /* Nimble */,
			);
			productName = "swift-native-dependency-injectionTests";
			productReference = 768A439B24A71FC1009CCCE8 /* swift-native-dependency-injectionTests.xctest */;
			productType = "com.apple.product-type.bundle.unit-test";
		};
/* End PBXNativeTarget section */

/* Begin PBXProject section */
		768A436024A7153B009CCCE8 /* Project object */ = {
			isa = PBXProject;
			attributes = {
				LastSwiftUpdateCheck = 1150;
				LastUpgradeCheck = 1150;
				ORGANIZATIONNAME = "陳囿豪";
				TargetAttributes = {
					768A436724A7153B009CCCE8 = {
						CreatedOnToolsVersion = 11.5;
					};
					768A439A24A71FC1009CCCE8 = {
						CreatedOnToolsVersion = 11.5;
						TestTargetID = 768A436724A7153B009CCCE8;
					};
				};
			};
			buildConfigurationList = 768A436324A7153B009CCCE8 /* Build configuration list for PBXProject "swift-native-dependency-injection" */;
			compatibilityVersion = "Xcode 9.3";
			developmentRegion = en;
			hasScannedForEncodings = 0;
			knownRegions = (
				en,
				Base,
			);
			mainGroup = 768A435F24A7153B009CCCE8;
			packageReferences = (
				768A438A24A71AF3009CCCE8 /* XCRemoteSwiftPackageReference "Alamofire" */,
				768A438D24A71B3C009CCCE8 /* XCRemoteSwiftPackageReference "PromiseKit" */,
				76C9945C24A729B7002EF4A0 /* XCRemoteSwiftPackageReference "Quick" */,
				76C9945F24A729CD002EF4A0 /* XCRemoteSwiftPackageReference "Nimble" */,
			);
			productRefGroup = 768A436924A7153B009CCCE8 /* Products */;
			projectDirPath = "";
			projectRoot = "";
			targets = (
				768A436724A7153B009CCCE8 /* swift-native-dependency-injection */,
				768A439A24A71FC1009CCCE8 /* swift-native-dependency-injectionTests */,
			);
		};
/* End PBXProject section */

/* Begin PBXResourcesBuildPhase section */
		768A436624A7153B009CCCE8 /* Resources */ = {
			isa = PBXResourcesBuildPhase;
			buildActionMask = 2147483647;
			files = (
				768A437824A7153C009CCCE8 /* LaunchScreen.storyboard in Resources */,
				768A437524A7153C009CCCE8 /* Preview Assets.xcassets in Resources */,
				768A437224A7153C009CCCE8 /* Assets.xcassets in Resources */,
			);
			runOnlyForDeploymentPostprocessing = 0;
		};
		768A439924A71FC1009CCCE8 /* Resources */ = {
			isa = PBXResourcesBuildPhase;
			buildActionMask = 2147483647;
			files = (
			);
			runOnlyForDeploymentPostprocessing = 0;
		};
/* End PBXResourcesBuildPhase section */

/* Begin PBXSourcesBuildPhase section */
		768A436424A7153B009CCCE8 /* Sources */ = {
			isa = PBXSourcesBuildPhase;
			buildActionMask = 2147483647;
			files = (
				768A43A724A72069009CCCE8 /* AccountsAPIServices+Fake.swift in Sources */,
				768A438024A719F8009CCCE8 /* Dependencies.swift in Sources */,
				768A436C24A7153B009CCCE8 /* AppDelegate.swift in Sources */,
				768A436E24A7153B009CCCE8 /* SceneDelegate.swift in Sources */,
				768A437024A7153B009CCCE8 /* ContentView.swift in Sources */,
				768A439424A71BCF009CCCE8 /* LoginResult.swift in Sources */,
				768A438824A71A9C009CCCE8 /* AccountsAPIServices.swift in Sources */,
				768A438924A71A9C009CCCE8 /* ProductsAPIServices.swift in Sources */,
				768A439624A71BCF009CCCE8 /* Products.swift in Sources */,
				768A439524A71BCF009CCCE8 /* ProductRes.swift in Sources */,
				768A438724A71A9C009CCCE8 /* BaseAPIServices.swift in Sources */,
			);
			runOnlyForDeploymentPostprocessing = 0;
		};
		768A439724A71FC1009CCCE8 /* Sources */ = {
			isa = PBXSourcesBuildPhase;
			buildActionMask = 2147483647;
			files = (
				768A439E24A71FC1009CCCE8 /* swift_native_dependency_injectionTests.swift in Sources */,
			);
			runOnlyForDeploymentPostprocessing = 0;
		};
/* End PBXSourcesBuildPhase section */

/* Begin PBXTargetDependency section */
		768A43A124A71FC1009CCCE8 /* PBXTargetDependency */ = {
			isa = PBXTargetDependency;
			target = 768A436724A7153B009CCCE8 /* swift-native-dependency-injection */;
			targetProxy = 768A43A024A71FC1009CCCE8 /* PBXContainerItemProxy */;
		};
/* End PBXTargetDependency section */

/* Begin PBXVariantGroup section */
		768A437624A7153C009CCCE8 /* LaunchScreen.storyboard */ = {
			isa = PBXVariantGroup;
			children = (
				768A437724A7153C009CCCE8 /* Base */,
			);
			name = LaunchScreen.storyboard;
			sourceTree = "<group>";
		};
/* End PBXVariantGroup section */

/* Begin XCBuildConfiguration section */
		768A437A24A7153C009CCCE8 /* Debug */ = {
			isa = XCBuildConfiguration;
			buildSettings = {
				ALWAYS_SEARCH_USER_PATHS = NO;
				CLANG_ANALYZER_NONNULL = YES;
				CLANG_ANALYZER_NUMBER_OBJECT_CONVERSION = YES_AGGRESSIVE;
				CLANG_CXX_LANGUAGE_STANDARD = "gnu++14";
				CLANG_CXX_LIBRARY = "libc++";
				CLANG_ENABLE_MODULES = YES;
				CLANG_ENABLE_OBJC_ARC = YES;
				CLANG_ENABLE_OBJC_WEAK = YES;
				CLANG_WARN_BLOCK_CAPTURE_AUTORELEASING = YES;
				CLANG_WARN_BOOL_CONVERSION = YES;
				CLANG_WARN_COMMA = YES;
				CLANG_WARN_CONSTANT_CONVERSION = YES;
				CLANG_WARN_DEPRECATED_OBJC_IMPLEMENTATIONS = YES;
				CLANG_WARN_DIRECT_OBJC_ISA_USAGE = YES_ERROR;
				CLANG_WARN_DOCUMENTATION_COMMENTS = YES;
				CLANG_WARN_EMPTY_BODY = YES;
				CLANG_WARN_ENUM_CONVERSION = YES;
				CLANG_WARN_INFINITE_RECURSION = YES;
				CLANG_WARN_INT_CONVERSION = YES;
				CLANG_WARN_NON_LITERAL_NULL_CONVERSION = YES;
				CLANG_WARN_OBJC_IMPLICIT_RETAIN_SELF = YES;
				CLANG_WARN_OBJC_LITERAL_CONVERSION = YES;
				CLANG_WARN_OBJC_ROOT_CLASS = YES_ERROR;
				CLANG_WARN_RANGE_LOOP_ANALYSIS = YES;
				CLANG_WARN_STRICT_PROTOTYPES = YES;
				CLANG_WARN_SUSPICIOUS_MOVE = YES;
				CLANG_WARN_UNGUARDED_AVAILABILITY = YES_AGGRESSIVE;
				CLANG_WARN_UNREACHABLE_CODE = YES;
				CLANG_WARN__DUPLICATE_METHOD_MATCH = YES;
				COPY_PHASE_STRIP = NO;
				DEBUG_INFORMATION_FORMAT = dwarf;
				ENABLE_STRICT_OBJC_MSGSEND = YES;
				ENABLE_TESTABILITY = YES;
				GCC_C_LANGUAGE_STANDARD = gnu11;
				GCC_DYNAMIC_NO_PIC = NO;
				GCC_NO_COMMON_BLOCKS = YES;
				GCC_OPTIMIZATION_LEVEL = 0;
				GCC_PREPROCESSOR_DEFINITIONS = (
					"DEBUG=1",
					"$(inherited)",
				);
				GCC_WARN_64_TO_32_BIT_CONVERSION = YES;
				GCC_WARN_ABOUT_RETURN_TYPE = YES_ERROR;
				GCC_WARN_UNDECLARED_SELECTOR = YES;
				GCC_WARN_UNINITIALIZED_AUTOS = YES_AGGRESSIVE;
				GCC_WARN_UNUSED_FUNCTION = YES;
				GCC_WARN_UNUSED_VARIABLE = YES;
				IPHONEOS_DEPLOYMENT_TARGET = 13.5;
				MTL_ENABLE_DEBUG_INFO = INCLUDE_SOURCE;
				MTL_FAST_MATH = YES;
				ONLY_ACTIVE_ARCH = YES;
				SDKROOT = iphoneos;
				SWIFT_ACTIVE_COMPILATION_CONDITIONS = DEBUG;
				SWIFT_OPTIMIZATION_LEVEL = "-Onone";
			};
			name = Debug;
		};
		768A437B24A7153C009CCCE8 /* Release */ = {
			isa = XCBuildConfiguration;
			buildSettings = {
				ALWAYS_SEARCH_USER_PATHS = NO;
				CLANG_ANALYZER_NONNULL = YES;
				CLANG_ANALYZER_NUMBER_OBJECT_CONVERSION = YES_AGGRESSIVE;
				CLANG_CXX_LANGUAGE_STANDARD = "gnu++14";
				CLANG_CXX_LIBRARY = "libc++";
				CLANG_ENABLE_MODULES = YES;
				CLANG_ENABLE_OBJC_ARC = YES;
				CLANG_ENABLE_OBJC_WEAK = YES;
				CLANG_WARN_BLOCK_CAPTURE_AUTORELEASING = YES;
				CLANG_WARN_BOOL_CONVERSION = YES;
				CLANG_WARN_COMMA = YES;
				CLANG_WARN_CONSTANT_CONVERSION = YES;
				CLANG_WARN_DEPRECATED_OBJC_IMPLEMENTATIONS = YES;
				CLANG_WARN_DIRECT_OBJC_ISA_USAGE = YES_ERROR;
				CLANG_WARN_DOCUMENTATION_COMMENTS = YES;
				CLANG_WARN_EMPTY_BODY = YES;
				CLANG_WARN_ENUM_CONVERSION = YES;
				CLANG_WARN_INFINITE_RECURSION = YES;
				CLANG_WARN_INT_CONVERSION = YES;
				CLANG_WARN_NON_LITERAL_NULL_CONVERSION = YES;
				CLANG_WARN_OBJC_IMPLICIT_RETAIN_SELF = YES;
				CLANG_WARN_OBJC_LITERAL_CONVERSION = YES;
				CLANG_WARN_OBJC_ROOT_CLASS = YES_ERROR;
				CLANG_WARN_RANGE_LOOP_ANALYSIS = YES;
				CLANG_WARN_STRICT_PROTOTYPES = YES;
				CLANG_WARN_SUSPICIOUS_MOVE = YES;
				CLANG_WARN_UNGUARDED_AVAILABILITY = YES_AGGRESSIVE;
				CLANG_WARN_UNREACHABLE_CODE = YES;
				CLANG_WARN__DUPLICATE_METHOD_MATCH = YES;
				COPY_PHASE_STRIP = NO;
				DEBUG_INFORMATION_FORMAT = "dwarf-with-dsym";
				ENABLE_NS_ASSERTIONS = NO;
				ENABLE_STRICT_OBJC_MSGSEND = YES;
				GCC_C_LANGUAGE_STANDARD = gnu11;
				GCC_NO_COMMON_BLOCKS = YES;
				GCC_WARN_64_TO_32_BIT_CONVERSION = YES;
				GCC_WARN_ABOUT_RETURN_TYPE = YES_ERROR;
				GCC_WARN_UNDECLARED_SELECTOR = YES;
				GCC_WARN_UNINITIALIZED_AUTOS = YES_AGGRESSIVE;
				GCC_WARN_UNUSED_FUNCTION = YES;
				GCC_WARN_UNUSED_VARIABLE = YES;
				IPHONEOS_DEPLOYMENT_TARGET = 13.5;
				MTL_ENABLE_DEBUG_INFO = NO;
				MTL_FAST_MATH = YES;
				SDKROOT = iphoneos;
				SWIFT_COMPILATION_MODE = wholemodule;
				SWIFT_OPTIMIZATION_LEVEL = "-O";
				VALIDATE_PRODUCT = YES;
			};
			name = Release;
		};
		768A437D24A7153C009CCCE8 /* Debug */ = {
			isa = XCBuildConfiguration;
			buildSettings = {
				ASSETCATALOG_COMPILER_APPICON_NAME = AppIcon;
				CODE_SIGN_STYLE = Automatic;
				DEVELOPMENT_ASSET_PATHS = "\"swift-native-dependency-injection/Preview Content\"";
				ENABLE_PREVIEWS = YES;
				INFOPLIST_FILE = "swift-native-dependency-injection/Info.plist";
				LD_RUNPATH_SEARCH_PATHS = (
					"$(inherited)",
					"@executable_path/Frameworks",
				);
				PRODUCT_BUNDLE_IDENTIFIER = "me.yasuoyuhao.swift-native-dependency-injection";
				PRODUCT_NAME = "$(TARGET_NAME)";
				SWIFT_VERSION = 5.0;
				TARGETED_DEVICE_FAMILY = "1,2";
			};
			name = Debug;
		};
		768A437E24A7153C009CCCE8 /* Release */ = {
			isa = XCBuildConfiguration;
			buildSettings = {
				ASSETCATALOG_COMPILER_APPICON_NAME = AppIcon;
				CODE_SIGN_STYLE = Automatic;
				DEVELOPMENT_ASSET_PATHS = "\"swift-native-dependency-injection/Preview Content\"";
				ENABLE_PREVIEWS = YES;
				INFOPLIST_FILE = "swift-native-dependency-injection/Info.plist";
				LD_RUNPATH_SEARCH_PATHS = (
					"$(inherited)",
					"@executable_path/Frameworks",
				);
				PRODUCT_BUNDLE_IDENTIFIER = "me.yasuoyuhao.swift-native-dependency-injection";
				PRODUCT_NAME = "$(TARGET_NAME)";
				SWIFT_VERSION = 5.0;
				TARGETED_DEVICE_FAMILY = "1,2";
			};
			name = Release;
		};
		768A43A324A71FC1009CCCE8 /* Debug */ = {
			isa = XCBuildConfiguration;
			buildSettings = {
				BUNDLE_LOADER = "$(TEST_HOST)";
				CODE_SIGN_STYLE = Automatic;
				INFOPLIST_FILE = "swift-native-dependency-injectionTests/Info.plist";
				LD_RUNPATH_SEARCH_PATHS = (
					"$(inherited)",
					"@executable_path/Frameworks",
					"@loader_path/Frameworks",
				);
				PRODUCT_BUNDLE_IDENTIFIER = "me.yasuoyuhao.swift-native-dependency-injectionTests";
				PRODUCT_NAME = "$(TARGET_NAME)";
				SWIFT_VERSION = 5.0;
				TARGETED_DEVICE_FAMILY = "1,2";
				TEST_HOST = "$(BUILT_PRODUCTS_DIR)/swift-native-dependency-injection.app/swift-native-dependency-injection";
			};
			name = Debug;
		};
		768A43A424A71FC1009CCCE8 /* Release */ = {
			isa = XCBuildConfiguration;
			buildSettings = {
				BUNDLE_LOADER = "$(TEST_HOST)";
				CODE_SIGN_STYLE = Automatic;
				INFOPLIST_FILE = "swift-native-dependency-injectionTests/Info.plist";
				LD_RUNPATH_SEARCH_PATHS = (
					"$(inherited)",
					"@executable_path/Frameworks",
					"@loader_path/Frameworks",
				);
				PRODUCT_BUNDLE_IDENTIFIER = "me.yasuoyuhao.swift-native-dependency-injectionTests";
				PRODUCT_NAME = "$(TARGET_NAME)";
				SWIFT_VERSION = 5.0;
				TARGETED_DEVICE_FAMILY = "1,2";
				TEST_HOST = "$(BUILT_PRODUCTS_DIR)/swift-native-dependency-injection.app/swift-native-dependency-injection";
			};
			name = Release;
		};
/* End XCBuildConfiguration section */

/* Begin XCConfigurationList section */
		768A436324A7153B009CCCE8 /* Build configuration list for PBXProject "swift-native-dependency-injection" */ = {
			isa = XCConfigurationList;
			buildConfigurations = (
				768A437A24A7153C009CCCE8 /* Debug */,
				768A437B24A7153C009CCCE8 /* Release */,
			);
			defaultConfigurationIsVisible = 0;
			defaultConfigurationName = Release;
		};
		768A437C24A7153C009CCCE8 /* Build configuration list for PBXNativeTarget "swift-native-dependency-injection" */ = {
			isa = XCConfigurationList;
			buildConfigurations = (
				768A437D24A7153C009CCCE8 /* Debug */,
				768A437E24A7153C009CCCE8 /* Release */,
			);
			defaultConfigurationIsVisible = 0;
			defaultConfigurationName = Release;
		};
		768A43A224A71FC1009CCCE8 /* Build configuration list for PBXNativeTarget "swift-native-dependency-injectionTests" */ = {
			isa = XCConfigurationList;
			buildConfigurations = (
				768A43A324A71FC1009CCCE8 /* Debug */,
				768A43A424A71FC1009CCCE8 /* Release */,
			);
			defaultConfigurationIsVisible = 0;
			defaultConfigurationName = Release;
		};
/* End XCConfigurationList section */

/* Begin XCRemoteSwiftPackageReference section */
		768A438A24A71AF3009CCCE8 /* XCRemoteSwiftPackageReference "Alamofire" */ = {
			isa = XCRemoteSwiftPackageReference;
			repositoryURL = "https://github.com/Alamofire/Alamofire";
			requirement = {
				kind = upToNextMinorVersion;
				minimumVersion = 4.8.0;
			};
		};
		768A438D24A71B3C009CCCE8 /* XCRemoteSwiftPackageReference "PromiseKit" */ = {
			isa = XCRemoteSwiftPackageReference;
			repositoryURL = "https://github.com/mxcl/PromiseKit";
			requirement = {
				kind = upToNextMajorVersion;
				minimumVersion = 6.13.2;
			};
		};
		76C9945C24A729B7002EF4A0 /* XCRemoteSwiftPackageReference "Quick" */ = {
			isa = XCRemoteSwiftPackageReference;
			repositoryURL = "https://github.com/Quick/Quick";
			requirement = {
				kind = upToNextMinorVersion;
				minimumVersion = 3.0.0;
			};
		};
		76C9945F24A729CD002EF4A0 /* XCRemoteSwiftPackageReference "Nimble" */ = {
			isa = XCRemoteSwiftPackageReference;
			repositoryURL = "https://github.com/Quick/Nimble";
			requirement = {
				kind = upToNextMinorVersion;
				minimumVersion = 8.1.1;
			};
		};
/* End XCRemoteSwiftPackageReference section */

/* Begin XCSwiftPackageProductDependency section */
		768A438B24A71AF3009CCCE8 /* Alamofire */ = {
			isa = XCSwiftPackageProductDependency;
			package = 768A438A24A71AF3009CCCE8 /* XCRemoteSwiftPackageReference "Alamofire" */;
			productName = Alamofire;
		};
		768A438E24A71B3C009CCCE8 /* PromiseKit */ = {
			isa = XCSwiftPackageProductDependency;
			package = 768A438D24A71B3C009CCCE8 /* XCRemoteSwiftPackageReference "PromiseKit" */;
			productName = PromiseKit;
		};
		76C9945D24A729B7002EF4A0 /* Quick */ = {
			isa = XCSwiftPackageProductDependency;
			package = 76C9945C24A729B7002EF4A0 /* XCRemoteSwiftPackageReference "Quick" */;
			productName = Quick;
		};
		76C9946024A729CD002EF4A0 /* Nimble */ = {
			isa = XCSwiftPackageProductDependency;
			package = 76C9945F24A729CD002EF4A0 /* XCRemoteSwiftPackageReference "Nimble" */;
			productName = Nimble;
		};
/* End XCSwiftPackageProductDependency section */
	};
	rootObject = 768A436024A7153B009CCCE8 /* Project object */;
}
